
Microsoft Visual Studio Solution File, Format Version 12.00
# Visual Studio 2013
VisualStudioVersion = 12.0.31101.0
MinimumVisualStudioVersion = 10.0.40219.1
Project("{FAE04EC0-301F-11D3-BF4B-00C04F79EFBC}") = "Pipelining", "Pipelining\Pipelining.csproj", "{21CC1113-0767-495A-8B2D-19BFD21242A4}"
EndProject
Project("{FAE04EC0-301F-11D3-BF4B-00C04F79EFBC}") = "Pipelining.Tests", "Pipelining.Tests\Pipelining.Tests.csproj", "{CE6724D8-ADFC-49D9-88D6-C37385386817}"
EndProject
Global
	GlobalSection(SolutionConfigurationPlatforms) = preSolution
		Debug|Any CPU = Debug|Any CPU
		Release|Any CPU = Release|Any CPU
	EndGlobalSection
	GlobalSection(ProjectConfigurationPlatforms) = postSolution
		{21CC1113-0767-495A-8B2D-19BFD21242A4}.Debug|Any CPU.ActiveCfg = Debug|Any CPU
		{21CC1113-0767-495A-8B2D-19BFD21242A4}.Debug|Any CPU.Build.0 = Debug|Any CPU
		{21CC1113-0767-495A-8B2D-19BFD21242A4}.Release|Any CPU.ActiveCfg = Release|Any CPU
		{21CC1113-0767-495A-8B2D-19BFD21242A4}.Release|Any CPU.Build.0 = Release|Any CPU
		{CE6724D8-ADFC-49D9-88D6-C37385386817}.Debug|Any CPU.ActiveCfg = Debug|Any CPU
		{CE6724D8-ADFC-49D9-88D6-C37385386817}.Debug|Any CPU.Build.0 = Debug|Any CPU
		{CE6724D8-ADFC-49D9-88D6-C37385386817}.Release|Any CPU.ActiveCfg = Release|Any CPU
		{CE6724D8-ADFC-49D9-88D6-C37385386817}.Release|Any CPU.Build.0 = Release|Any CPU
	EndGlobalSection
	GlobalSection(SolutionProperties) = preSolution
		HideSolutionNode = FALSE
	EndGlobalSection
EndGlobal
